
Microsoft Visual Studio Solution File, Format Version 12.00
# Visual Studio Version 17
VisualStudioVersion = 17.4.33213.308
MinimumVisualStudioVersion = 10.0.40219.1
Project("{9A19103F-16F7-4668-BE54-9A1E7A4F7556}") = "danj-backend", "danj-backend.csproj", "{C4C8633C-6090-4628-A1AE-15084644F8CB}"
EndProject
Project("{FAE04EC0-301F-11D3-BF4B-00C04F79EFBC}") = "abys-agrivet-backend", "..\abys\abys-agrivet-backend.csproj", "{AB9319DE-6160-48BF-A2A8-9E088B185F4E}"
EndProject
Global
	GlobalSection(SolutionConfigurationPlatforms) = preSolution
		Debug|Any CPU = Debug|Any CPU
		Release|Any CPU = Release|Any CPU
	EndGlobalSection
	GlobalSection(ProjectConfigurationPlatforms) = postSolution
		{C4C8633C-6090-4628-A1AE-15084644F8CB}.Debug|Any CPU.ActiveCfg = Debug|Any CPU
		{C4C8633C-6090-4628-A1AE-15084644F8CB}.Debug|Any CPU.Build.0 = Debug|Any CPU
		{C4C8633C-6090-4628-A1AE-15084644F8CB}.Release|Any CPU.ActiveCfg = Release|Any CPU
		{C4C8633C-6090-4628-A1AE-15084644F8CB}.Release|Any CPU.Build.0 = Release|Any CPU
		{AB9319DE-6160-48BF-A2A8-9E088B185F4E}.Debug|Any CPU.ActiveCfg = Debug|Any CPU
		{AB9319DE-6160-48BF-A2A8-9E088B185F4E}.Debug|Any CPU.Build.0 = Debug|Any CPU
		{AB9319DE-6160-48BF-A2A8-9E088B185F4E}.Release|Any CPU.ActiveCfg = Release|Any CPU
		{AB9319DE-6160-48BF-A2A8-9E088B185F4E}.Release|Any CPU.Build.0 = Release|Any CPU
	EndGlobalSection
	GlobalSection(SolutionProperties) = preSolution
		HideSolutionNode = FALSE
	EndGlobalSection
	GlobalSection(ExtensibilityGlobals) = postSolution
		SolutionGuid = {3E51288F-B698-486C-BEC0-5882E33817F3}
	EndGlobalSection
EndGlobal
